Microsoft Visual Studio Solution File, Format Version 12.00
# Visual Studio Version 17
VisualStudioVersion = 17.13.35913.81
MinimumVisualStudioVersion = 10.0.40219.1
Project("{FAE04EC0-301F-11D3-BF4B-00C04F79EFBC}") = "Bank", "Bank.csproj", "{94893DFB-EF21-44D2-A205-CCF95CA410B7}"
EndProject
Project("{FAE04EC0-301F-11D3-BF4B-00C04F79EFBC}") = "BankTests", "..\BankTests\BankTests.csproj", "{BA64BE6A-FD04-47DD-8923-A074D34A681A}"
EndProject
Global
	GlobalSection(SolutionConfigurationPlatforms) = preSolution
		Debug|Any CPU = Debug|Any CPU
		Release|Any CPU = Release|Any CPU
	EndGlobalSection
	GlobalSection(ProjectConfigurationPlatforms) = postSolution
		{94893DFB-EF21-44D2-A205-CCF95CA410B7}.Debug|Any CPU.ActiveCfg = Debug|Any CPU
		{94893DFB-EF21-44D2-A205-CCF95CA410B7}.Debug|Any CPU.Build.0 = Debug|Any CPU
		{94893DFB-EF21-44D2-A205-CCF95CA410B7}.Release|Any CPU.ActiveCfg = Release|Any CPU
		{94893DFB-EF21-44D2-A205-CCF95CA410B7}.Release|Any CPU.Build.0 = Release|Any CPU
		{BA64BE6A-FD04-47DD-8923-A074D34A681A}.Debug|Any CPU.ActiveCfg = Debug|Any CPU
		{BA64BE6A-FD04-47DD-8923-A074D34A681A}.Debug|Any CPU.Build.0 = Debug|Any CPU
		{BA64BE6A-FD04-47DD-8923-A074D34A681A}.Release|Any CPU.ActiveCfg = Release|Any CPU
		{BA64BE6A-FD04-47DD-8923-A074D34A681A}.Release|Any CPU.Build.0 = Release|Any CPU
	EndGlobalSection
	GlobalSection(SolutionProperties) = preSolution
		HideSolutionNode = FALSE
	EndGlobalSection
	GlobalSection(ExtensibilityGlobals) = postSolution
		SolutionGuid = {24E93AC6-F412-418F-8D56-B01086AF93E6}
	EndGlobalSection
EndGlobal
